hash: 61225340d7137fbfcf2c8005a1e0b6247b8d3c50ad7c05d2e03774a50fc4c2da
updated: 2018-01-27T16:24:30.682962+08:00
imports:
- name: github.com/andybalholm/cascadia
  version: 349dd0209470eabd9514242c688c403c0926d266
- name: github.com/astaxie/beego
  version: f16688817aa428d10361394015b40d096b680542
  subpackages:
  - orm
- name: github.com/go-sql-driver/mysql
  version: bc14601d1bd56421dd60f561e6052c9ed77f9daf
- name: github.com/PuerkitoBio/goquery
  version: 2324bda66f504d95adef95070aeb15187b45d3cf
- name: golang.org/x/net
  version: 0ed95abb35c445290478a5348a7b38bb154135fd
  subpackages:
  - html
  - html/atom
- name: golang.org/x/text
  version: e19ae1496984b1c655b8044a65c0300a3c878dd3
  subpackages:
  - encoding
  - encoding/internal
  - encoding/internal/identifier
  - encoding/simplifiedchinese
  - transform
testImports: []
